// !$*UTF8*$!
{
	archiveVersion = 1;
	classes = {
	};
	objectVersion = 50;
	objects = {

/* Begin PBXBuildFile section */
		A98EA8B624CD8E85B9EFADA1 /* OcrData.m in Sources */ = {isa = PBXBuildFile; fileRef = A98EAD74A71FE136D084F392 /* OcrData.m */; };
		E0A53559219A832A005A6056 /* AppDelegate.m in Sources */ = {isa = PBXBuildFile; fileRef = E0A53558219A832A005A6056 /* AppDelegate.m */; };
		E0A5355C219A832A005A6056 /* ViewController.mm in Sources */ = {isa = PBXBuildFile; fileRef = E0A5355B219A832A005A6056 /* ViewController.mm */; };
		E0A5355F219A832A005A6056 /* Main.storyboard in Resources */ = {isa = PBXBuildFile; fileRef = E0A5355D219A832A005A6056 /* Main.storyboard */; };
		E0A53561219A832E005A6056 /* Assets.xcassets in Resources */ = {isa = PBXBuildFile; fileRef = E0A53560219A832E005A6056 /* Assets.xcassets */; };
		E0A53564219A832E005A6056 /* LaunchScreen.storyboard in Resources */ = {isa = PBXBuildFile; fileRef = E0A53562219A832E005A6056 /* LaunchScreen.storyboard */; };
		E0A53567219A832E005A6056 /* main.m in Sources */ = {isa = PBXBuildFile; fileRef = E0A53566219A832E005A6056 /* main.m */; };
		E0A53576219A89FF005A6056 /* lib in Resources */ = {isa = PBXBuildFile; fileRef = E0A53574219A89FF005A6056 /* lib */; };
		E0A5357B219AA3D1005A6056 /* AVFoundation.framework in Frameworks */ = {isa = PBXBuildFile; fileRef = E0A5357A219AA3D1005A6056 /* AVFoundation.framework */; };
		E0A5357D219AA3DF005A6056 /* AssetsLibrary.framework in Frameworks */ = {isa = PBXBuildFile; fileRef = E0A5357C219AA3DE005A6056 /* AssetsLibrary.framework */; };
		E0A5357F219AA3E7005A6056 /* CoreMedia.framework in Frameworks */ = {isa = PBXBuildFile; fileRef = E0A5357E219AA3E7005A6056 /* CoreMedia.framework */; };
		ED37528F24B88737008DEBDA /* opencv2.framework in Frameworks */ = {isa = PBXBuildFile; fileRef = ED37528E24B88737008DEBDA /* opencv2.framework */; };
		ED3752A424B9AD5C008DEBDA /* ocr_clipper.cpp in Sources */ = {isa = PBXBuildFile; fileRef = ED37529E24B9AD5C008DEBDA /* ocr_clipper.cpp */; };
		ED3752A524B9AD5C008DEBDA /* ocr_db_post_process.cpp in Sources */ = {isa = PBXBuildFile; fileRef = ED3752A024B9AD5C008DEBDA /* ocr_db_post_process.cpp */; };
		ED3752A624B9AD5C008DEBDA /* ocr_crnn_process.cpp in Sources */ = {isa = PBXBuildFile; fileRef = ED3752A124B9AD5C008DEBDA /* ocr_crnn_process.cpp */; };
		ED3752A924B9ADB4008DEBDA /* BoxLayer.m in Sources */ = {isa = PBXBuildFile; fileRef = ED3752A824B9ADB4008DEBDA /* BoxLayer.m */; };
		ED3752AC24B9B118008DEBDA /* Helpers.m in Sources */ = {isa = PBXBuildFile; fileRef = ED3752AA24B9B118008DEBDA /* Helpers.m */; };
		ED3752B324B9D4C6008DEBDA /* ch_det_mv3_db_opt.nb in Resources */ = {isa = PBXBuildFile; fileRef = ED3752B124B9D4C6008DEBDA /* ch_det_mv3_db_opt.nb */; };
		ED3752B424B9D4C6008DEBDA /* ch_rec_mv3_crnn_opt.nb in Resources */ = {isa = PBXBuildFile; fileRef = ED3752B224B9D4C6008DEBDA /* ch_rec_mv3_crnn_opt.nb */; };
		ED3752BC24B9DAD7008DEBDA /* ocr.png in Resources */ = {isa = PBXBuildFile; fileRef = ED3752BA24B9DAD6008DEBDA /* ocr.png */; };
		ED3752BD24B9DAD7008DEBDA /* label_list.txt in Resources */ = {isa = PBXBuildFile; fileRef = ED3752BB24B9DAD7008DEBDA /* label_list.txt */; };
/* End PBXBuildFile section */

/* Begin PBXFileReference section */
		A98EAD74A71FE136D084F392 /* OcrData.m */ = {isa = PBXFileReference; fileEncoding = 4; lastKnownFileType = sourcecode.c.objc; path = OcrData.m; sourceTree = "<group>"; };
		A98EAD76E0669B2BFB628B48 /* OcrData.h */ = {isa = PBXFileReference; fileEncoding = 4; lastKnownFileType = sourcecode.c.h; path = OcrData.h; sourceTree = "<group>"; };
		E0846DF2230BC93900031405 /* timer.h */ = {isa = PBXFileReference; lastKnownFileType = sourcecode.c.h; path = timer.h; sourceTree = "<group>"; };
		E0A18EDD219C03000015DC15 /* face.jpg */ = {isa = PBXFileReference; lastKnownFileType = image.jpeg; path = face.jpg; sourceTree = "<group>"; };
		E0A53554219A8329005A6056 /* paddle-lite-ocr.app */ = {isa = PBXFileReference; explicitFileType = wrapper.application; includeInIndex = 0; path = "paddle-lite-ocr.app"; sourceTree = BUILT_PRODUCTS_DIR; };
		E0A53557219A832A005A6056 /* AppDelegate.h */ = {isa = PBXFileReference; lastKnownFileType = sourcecode.c.h; path = AppDelegate.h; sourceTree = "<group>"; };
		E0A53558219A832A005A6056 /* AppDelegate.m */ = {isa = PBXFileReference; lastKnownFileType = sourcecode.c.objc; path = AppDelegate.m; sourceTree = "<group>"; };
		E0A5355A219A832A005A6056 /* ViewController.h */ = {isa = PBXFileReference; lastKnownFileType = sourcecode.c.h; path = ViewController.h; sourceTree = "<group>"; };
		E0A5355B219A832A005A6056 /* ViewController.mm */ = {isa = PBXFileReference; lastKnownFileType = sourcecode.cpp.objcpp; path = ViewController.mm; sourceTree = "<group>"; };
		E0A5355E219A832A005A6056 /* Base */ = {isa = PBXFileReference; lastKnownFileType = file.storyboard; name = Base; path = Base.lproj/Main.storyboard; sourceTree = "<group>"; };
		E0A53560219A832E005A6056 /* Assets.xcassets */ = {isa = PBXFileReference; lastKnownFileType = folder.assetcatalog; path = Assets.xcassets; sourceTree = "<group>"; };
		E0A53563219A832E005A6056 /* Base */ = {isa = PBXFileReference; lastKnownFileType = file.storyboard; name = Base; path = Base.lproj/LaunchScreen.storyboard; sourceTree = "<group>"; };
		E0A53565219A832E005A6056 /* Info.plist */ = {isa = PBXFileReference; lastKnownFileType = text.plist.xml; path = Info.plist; sourceTree = "<group>"; };
		E0A53566219A832E005A6056 /* main.m */ = {isa = PBXFileReference; lastKnownFileType = sourcecode.c.objc; path = main.m; sourceTree = "<group>"; };
		E0A53574219A89FF005A6056 /* lib */ = {isa = PBXFileReference; lastKnownFileType = folder; path = lib; sourceTree = "<group>"; };
		E0A5357A219AA3D1005A6056 /* AVFoundation.framework */ = {isa = PBXFileReference; lastKnownFileType = wrapper.framework; name = AVFoundation.framework; path = System/Library/Frameworks/AVFoundation.framework; sourceTree = SDKROOT; };
		E0A5357C219AA3DE005A6056 /* AssetsLibrary.framework */ = {isa = PBXFileReference; lastKnownFileType = wrapper.framework; name = AssetsLibrary.framework; path = System/Library/Frameworks/AssetsLibrary.framework; sourceTree = SDKROOT; };
		E0A5357E219AA3E7005A6056 /* CoreMedia.framework */ = {isa = PBXFileReference; lastKnownFileType = wrapper.framework; name = CoreMedia.framework; path = System/Library/Frameworks/CoreMedia.framework; sourceTree = SDKROOT; };
		ED37528E24B88737008DEBDA /* opencv2.framework */ = {isa = PBXFileReference; lastKnownFileType = wrapper.framework; name = opencv2.framework; path = ocr_demo/opencv2.framework; sourceTree = "<group>"; };
		ED37529E24B9AD5C008DEBDA /* ocr_clipper.cpp */ = {isa = PBXFileReference; fileEncoding = 4; lastKnownFileType = sourcecode.cpp.cpp; path = ocr_clipper.cpp; sourceTree = "<group>"; };
		ED37529F24B9AD5C008DEBDA /* ocr_db_post_process.h */ = {isa = PBXFileReference; fileEncoding = 4; lastKnownFileType = sourcecode.c.h; path = ocr_db_post_process.h; sourceTree = "<group>"; };
		ED3752A024B9AD5C008DEBDA /* ocr_db_post_process.cpp */ = {isa = PBXFileReference; fileEncoding = 4; lastKnownFileType = sourcecode.cpp.cpp; path = ocr_db_post_process.cpp; sourceTree = "<group>"; };
		ED3752A124B9AD5C008DEBDA /* ocr_crnn_process.cpp */ = {isa = PBXFileReference; fileEncoding = 4; lastKnownFileType = sourcecode.cpp.cpp; path = ocr_crnn_process.cpp; sourceTree = "<group>"; };
		ED3752A224B9AD5C008DEBDA /* ocr_clipper.hpp */ = {isa = PBXFileReference; fileEncoding = 4; lastKnownFileType = sourcecode.cpp.h; path = ocr_clipper.hpp; sourceTree = "<group>"; };
		ED3752A324B9AD5C008DEBDA /* ocr_crnn_process.h */ = {isa = PBXFileReference; fileEncoding = 4; lastKnownFileType = sourcecode.c.h; path = ocr_crnn_process.h; sourceTree = "<group>"; };
		ED3752A724B9ADB4008DEBDA /* BoxLayer.h */ = {isa = PBXFileReference; fileEncoding = 4; lastKnownFileType = sourcecode.c.h; path = BoxLayer.h; sourceTree = "<group>"; };
		ED3752A824B9ADB4008DEBDA /* BoxLayer.m */ = {isa = PBXFileReference; fileEncoding = 4; lastKnownFileType = sourcecode.c.objc; path = BoxLayer.m; sourceTree = "<group>"; };
		ED3752AA24B9B118008DEBDA /* Helpers.m */ = {isa = PBXFileReference; fileEncoding = 4; lastKnownFileType = sourcecode.c.objc; path = Helpers.m; sourceTree = "<group>"; };
		ED3752AB24B9B118008DEBDA /* Helpers.h */ = {isa = PBXFileReference; fileEncoding = 4; lastKnownFileType = sourcecode.c.h; path = Helpers.h; sourceTree = "<group>"; };
		ED3752B124B9D4C6008DEBDA /* ch_det_mv3_db_opt.nb */ = {isa = PBXFileReference; lastKnownFileType = file; path = ch_det_mv3_db_opt.nb; sourceTree = "<group>"; };
		ED3752B224B9D4C6008DEBDA /* ch_rec_mv3_crnn_opt.nb */ = {isa = PBXFileReference; lastKnownFileType = file; path = ch_rec_mv3_crnn_opt.nb; sourceTree = "<group>"; };
		ED3752BA24B9DAD6008DEBDA /* ocr.png */ = {isa = PBXFileReference; lastKnownFileType = image.png; path = ocr.png; sourceTree = "<group>"; };
		ED3752BB24B9DAD7008DEBDA /* label_list.txt */ = {isa = PBXFileReference; fileEncoding = 4; lastKnownFileType = text; path = label_list.txt; sourceTree = "<group>"; };
/* End PBXFileReference section */

/* Begin PBXFrameworksBuildPhase section */
		E0A53551219A8329005A6056 /* Frameworks */ = {
			isa = PBXFrameworksBuildPhase;
			buildActionMask = 2147483647;
			files = (
				ED37528F24B88737008DEBDA /* opencv2.framework in Frameworks */,
				E0A5357F219AA3E7005A6056 /* CoreMedia.framework in Frameworks */,
				E0A5357D219AA3DF005A6056 /* AssetsLibrary.framework in Frameworks */,
				E0A5357B219AA3D1005A6056 /* AVFoundation.framework in Frameworks */,
			);
			runOnlyForDeploymentPostprocessing = 0;
		};
/* End PBXFrameworksBuildPhase section */

/* Begin PBXGroup section */
		E0846DE8230658DC00031405 /* models */ = {
			isa = PBXGroup;
			children = (
				ED3752B124B9D4C6008DEBDA /* ch_det_mv3_db_opt.nb */,
				ED3752B224B9D4C6008DEBDA /* ch_rec_mv3_crnn_opt.nb */,
			);
			path = models;
			sourceTree = "<group>";
		};
		E0A5354B219A8329005A6056 = {
			isa = PBXGroup;
			children = (
				E0A53556219A8329005A6056 /* ocr_demo */,
				E0A53555219A8329005A6056 /* Products */,
				E0A53570219A8945005A6056 /* Frameworks */,
			);
			sourceTree = "<group>";
		};
		E0A53555219A8329005A6056 /* Products */ = {
			isa = PBXGroup;
			children = (
				E0A53554219A8329005A6056 /* paddle-lite-ocr.app */,
			);
			name = Products;
			sourceTree = "<group>";
		};
		E0A53556219A8329005A6056 /* ocr_demo */ = {
			isa = PBXGroup;
			children = (
				ED3752BB24B9DAD7008DEBDA /* label_list.txt */,
				ED3752BA24B9DAD6008DEBDA /* ocr.png */,
				ED3752AB24B9B118008DEBDA /* Helpers.h */,
				ED3752AA24B9B118008DEBDA /* Helpers.m */,
				ED3752A724B9ADB4008DEBDA /* BoxLayer.h */,
				ED3752A824B9ADB4008DEBDA /* BoxLayer.m */,
				ED37529D24B9AD5C008DEBDA /* pdocr */,
				E0846DE8230658DC00031405 /* models */,
				E0A18EDD219C03000015DC15 /* face.jpg */,
				E0A53574219A89FF005A6056 /* lib */,
				E0A53557219A832A005A6056 /* AppDelegate.h */,
				E0A53558219A832A005A6056 /* AppDelegate.m */,
				E0846DF2230BC93900031405 /* timer.h */,
				E0A5355A219A832A005A6056 /* ViewController.h */,
				E0A5355B219A832A005A6056 /* ViewController.mm */,
				E0A5355D219A832A005A6056 /* Main.storyboard */,
				E0A53560219A832E005A6056 /* Assets.xcassets */,
				E0A53562219A832E005A6056 /* LaunchScreen.storyboard */,
				E0A53565219A832E005A6056 /* Info.plist */,
				E0A53566219A832E005A6056 /* main.m */,
				A98EAD74A71FE136D084F392 /* OcrData.m */,
				A98EAD76E0669B2BFB628B48 /* OcrData.h */,
			);
			path = ocr_demo;
			sourceTree = "<group>";
		};
		E0A53570219A8945005A6056 /* Frameworks */ = {
			isa = PBXGroup;
			children = (
				ED37528E24B88737008DEBDA /* opencv2.framework */,
				E0A5357E219AA3E7005A6056 /* CoreMedia.framework */,
				E0A5357C219AA3DE005A6056 /* AssetsLibrary.framework */,
				E0A5357A219AA3D1005A6056 /* AVFoundation.framework */,
			);
			name = Frameworks;
			sourceTree = "<group>";
		};
		ED37529D24B9AD5C008DEBDA /* pdocr */ = {
			isa = PBXGroup;
			children = (
				ED37529E24B9AD5C008DEBDA /* ocr_clipper.cpp */,
				ED37529F24B9AD5C008DEBDA /* ocr_db_post_process.h */,
				ED3752A024B9AD5C008DEBDA /* ocr_db_post_process.cpp */,
				ED3752A124B9AD5C008DEBDA /* ocr_crnn_process.cpp */,
				ED3752A224B9AD5C008DEBDA /* ocr_clipper.hpp */,
				ED3752A324B9AD5C008DEBDA /* ocr_crnn_process.h */,
			);
			path = pdocr;
			sourceTree = "<group>";
		};
/* End PBXGroup section */

/* Begin PBXNativeTarget section */
		E0A53553219A8329005A6056 /* ocr_demo */ = {
			isa = PBXNativeTarget;
			buildConfigurationList = E0A5356A219A832E005A6056 /* Build configuration list for PBXNativeTarget "ocr_demo" */;
			buildPhases = (
				E0A53550219A8329005A6056 /* Sources */,
				E0A53551219A8329005A6056 /* Frameworks */,
				E0A53552219A8329005A6056 /* Resources */,
			);
			buildRules = (
			);
			dependencies = (
			);
			name = ocr_demo;
			productName = seg_demo;
			productReference = E0A53554219A8329005A6056 /* paddle-lite-ocr.app */;
			productType = "com.apple.product-type.application";
		};
/* End PBXNativeTarget section */

/* Begin PBXProject section */
		E0A5354C219A8329005A6056 /* Project object */ = {
			isa = PBXProject;
			attributes = {
				LastUpgradeCheck = 1010;
				ORGANIZATIONNAME = "Li,Xiaoyang(SYS)";
				TargetAttributes = {
					E0A53553219A8329005A6056 = {
						CreatedOnToolsVersion = 10.1;
					};
				};
			};
			buildConfigurationList = E0A5354F219A8329005A6056 /* Build configuration list for PBXProject "ocr_demo" */;
			compatibilityVersion = "Xcode 9.3";
			developmentRegion = en;
			hasScannedForEncodings = 0;
			knownRegions = (
				en,
				Base,
			);
			mainGroup = E0A5354B219A8329005A6056;
			productRefGroup = E0A53555219A8329005A6056 /* Products */;
			projectDirPath = "";
			projectRoot = "";
			targets = (
				E0A53553219A8329005A6056 /* ocr_demo */,
			);
		};
/* End PBXProject section */

/* Begin PBXResourcesBuildPhase section */
		E0A53552219A8329005A6056 /* Resources */ = {
			isa = PBXResourcesBuildPhase;
			buildActionMask = 2147483647;
			files = (
				E0A53564219A832E005A6056 /* LaunchScreen.storyboard in Resources */,
				ED3752B324B9D4C6008DEBDA /* ch_det_mv3_db_opt.nb in Resources */,
				E0A53576219A89FF005A6056 /* lib in Resources */,
				ED3752B424B9D4C6008DEBDA /* ch_rec_mv3_crnn_opt.nb in Resources */,
				E0A53561219A832E005A6056 /* Assets.xcassets in Resources */,
				ED3752BC24B9DAD7008DEBDA /* ocr.png in Resources */,
				E0A5355F219A832A005A6056 /* Main.storyboard in Resources */,
				ED3752BD24B9DAD7008DEBDA /* label_list.txt in Resources */,
			);
			runOnlyForDeploymentPostprocessing = 0;
		};
/* End PBXResourcesBuildPhase section */

/* Begin PBXSourcesBuildPhase section */
		E0A53550219A8329005A6056 /* Sources */ = {
			isa = PBXSourcesBuildPhase;
			buildActionMask = 2147483647;
			files = (
				E0A5355C219A832A005A6056 /* ViewController.mm in Sources */,
				ED3752A924B9ADB4008DEBDA /* BoxLayer.m in Sources */,
				E0A53567219A832E005A6056 /* main.m in Sources */,
				ED3752A424B9AD5C008DEBDA /* ocr_clipper.cpp in Sources */,
				E0A53559219A832A005A6056 /* AppDelegate.m in Sources */,
				ED3752A524B9AD5C008DEBDA /* ocr_db_post_process.cpp in Sources */,
				ED3752AC24B9B118008DEBDA /* Helpers.m in Sources */,
				ED3752A624B9AD5C008DEBDA /* ocr_crnn_process.cpp in Sources */,
				A98EA8B624CD8E85B9EFADA1 /* OcrData.m in Sources */,
			);
			runOnlyForDeploymentPostprocessing = 0;
		};
/* End PBXSourcesBuildPhase section */

/* Begin PBXVariantGroup section */
		E0A5355D219A832A005A6056 /* Main.storyboard */ = {
			isa = PBXVariantGroup;
			children = (
				E0A5355E219A832A005A6056 /* Base */,
			);
			name = Main.storyboard;
			sourceTree = "<group>";
		};
		E0A53562219A832E005A6056 /* LaunchScreen.storyboard */ = {
			isa = PBXVariantGroup;
			children = (
				E0A53563219A832E005A6056 /* Base */,
			);
			name = LaunchScreen.storyboard;
			sourceTree = "<group>";
		};
/* End PBXVariantGroup section */

/* Begin XCBuildConfiguration section */
		E0A53568219A832E005A6056 /* Debug */ = {
			isa = XCBuildConfiguration;
			buildSettings = {
				ALWAYS_SEARCH_USER_PATHS = NO;
				CLANG_ANALYZER_NONNULL = YES;
				CLANG_ANALYZER_NUMBER_OBJECT_CONVERSION = YES_AGGRESSIVE;
				CLANG_CXX_LANGUAGE_STANDARD = "gnu++14";
				CLANG_CXX_LIBRARY = "libc++";
				CLANG_ENABLE_MODULES = YES;
				CLANG_ENABLE_OBJC_ARC = YES;
				CLANG_ENABLE_OBJC_WEAK = YES;
				CLANG_WARN_BLOCK_CAPTURE_AUTORELEASING = YES;
				CLANG_WARN_BOOL_CONVERSION = YES;
				CLANG_WARN_COMMA = YES;
				CLANG_WARN_CONSTANT_CONVERSION = YES;
				CLANG_WARN_DEPRECATED_OBJC_IMPLEMENTATIONS = YES;
				CLANG_WARN_DIRECT_OBJC_ISA_USAGE = YES_ERROR;
				CLANG_WARN_DOCUMENTATION_COMMENTS = YES;
				CLANG_WARN_EMPTY_BODY = YES;
				CLANG_WARN_ENUM_CONVERSION = YES;
				CLANG_WARN_INFINITE_RECURSION = YES;
				CLANG_WARN_INT_CONVERSION = YES;
				CLANG_WARN_NON_LITERAL_NULL_CONVERSION = YES;
				CLANG_WARN_OBJC_IMPLICIT_RETAIN_SELF = YES;
				CLANG_WARN_OBJC_LITERAL_CONVERSION = YES;
				CLANG_WARN_OBJC_ROOT_CLASS = YES_ERROR;
				CLANG_WARN_RANGE_LOOP_ANALYSIS = YES;
				CLANG_WARN_STRICT_PROTOTYPES = YES;
				CLANG_WARN_SUSPICIOUS_MOVE = YES;
				CLANG_WARN_UNGUARDED_AVAILABILITY = YES_AGGRESSIVE;
				CLANG_WARN_UNREACHABLE_CODE = YES;
				CLANG_WARN__DUPLICATE_METHOD_MATCH = YES;
				CODE_SIGN_IDENTITY = "iPhone Developer";
				COPY_PHASE_STRIP = NO;
				DEBUG_INFORMATION_FORMAT = dwarf;
				ENABLE_STRICT_OBJC_MSGSEND = YES;
				ENABLE_TESTABILITY = YES;
				GCC_C_LANGUAGE_STANDARD = gnu11;
				GCC_DYNAMIC_NO_PIC = NO;
				GCC_NO_COMMON_BLOCKS = YES;
				GCC_OPTIMIZATION_LEVEL = 0;
				GCC_PREPROCESSOR_DEFINITIONS = (
					"DEBUG=1",
					"$(inherited)",
				);
				GCC_WARN_64_TO_32_BIT_CONVERSION = YES;
				GCC_WARN_ABOUT_RETURN_TYPE = YES_ERROR;
				GCC_WARN_UNDECLARED_SELECTOR = YES;
				GCC_WARN_UNINITIALIZED_AUTOS = YES_AGGRESSIVE;
				GCC_WARN_UNUSED_FUNCTION = YES;
				GCC_WARN_UNUSED_VARIABLE = YES;
				IPHONEOS_DEPLOYMENT_TARGET = 12.1;
				MTL_ENABLE_DEBUG_INFO = INCLUDE_SOURCE;
				MTL_FAST_MATH = YES;
				ONLY_ACTIVE_ARCH = YES;
				SDKROOT = iphoneos;
			};
			name = Debug;
		};
		E0A53569219A832E005A6056 /* Release */ = {
			isa = XCBuildConfiguration;
			buildSettings = {
				ALWAYS_SEARCH_USER_PATHS = NO;
				CLANG_ANALYZER_NONNULL = YES;
				CLANG_ANALYZER_NUMBER_OBJECT_CONVERSION = YES_AGGRESSIVE;
				CLANG_CXX_LANGUAGE_STANDARD = "gnu++14";
				CLANG_CXX_LIBRARY = "libc++";
				CLANG_ENABLE_MODULES = YES;
				CLANG_ENABLE_OBJC_ARC = YES;
				CLANG_ENABLE_OBJC_WEAK = YES;
				CLANG_WARN_BLOCK_CAPTURE_AUTORELEASING = YES;
				CLANG_WARN_BOOL_CONVERSION = YES;
				CLANG_WARN_COMMA = YES;
				CLANG_WARN_CONSTANT_CONVERSION = YES;
				CLANG_WARN_DEPRECATED_OBJC_IMPLEMENTATIONS = YES;
				CLANG_WARN_DIRECT_OBJC_ISA_USAGE = YES_ERROR;
				CLANG_WARN_DOCUMENTATION_COMMENTS = YES;
				CLANG_WARN_EMPTY_BODY = YES;
				CLANG_WARN_ENUM_CONVERSION = YES;
				CLANG_WARN_INFINITE_RECURSION = YES;
				CLANG_WARN_INT_CONVERSION = YES;
				CLANG_WARN_NON_LITERAL_NULL_CONVERSION = YES;
				CLANG_WARN_OBJC_IMPLICIT_RETAIN_SELF = YES;
				CLANG_WARN_OBJC_LITERAL_CONVERSION = YES;
				CLANG_WARN_OBJC_ROOT_CLASS = YES_ERROR;
				CLANG_WARN_RANGE_LOOP_ANALYSIS = YES;
				CLANG_WARN_STRICT_PROTOTYPES = YES;
				CLANG_WARN_SUSPICIOUS_MOVE = YES;
				CLANG_WARN_UNGUARDED_AVAILABILITY = YES_AGGRESSIVE;
				CLANG_WARN_UNREACHABLE_CODE = YES;
				CLANG_WARN__DUPLICATE_METHOD_MATCH = YES;
				CODE_SIGN_IDENTITY = "iPhone Developer";
				COPY_PHASE_STRIP = NO;
				DEBUG_INFORMATION_FORMAT = "dwarf-with-dsym";
				ENABLE_NS_ASSERTIONS = NO;
				ENABLE_STRICT_OBJC_MSGSEND = YES;
				GCC_C_LANGUAGE_STANDARD = gnu11;
				GCC_NO_COMMON_BLOCKS = YES;
				GCC_WARN_64_TO_32_BIT_CONVERSION = YES;
				GCC_WARN_ABOUT_RETURN_TYPE = YES_ERROR;
				GCC_WARN_UNDECLARED_SELECTOR = YES;
				GCC_WARN_UNINITIALIZED_AUTOS = YES_AGGRESSIVE;
				GCC_WARN_UNUSED_FUNCTION = YES;
				GCC_WARN_UNUSED_VARIABLE = YES;
				IPHONEOS_DEPLOYMENT_TARGET = 12.1;
				MTL_ENABLE_DEBUG_INFO = NO;
				MTL_FAST_MATH = YES;
				SDKROOT = iphoneos;
				VALIDATE_PRODUCT = YES;
			};
			name = Release;
		};
		E0A5356B219A832E005A6056 /* Debug */ = {
			isa = XCBuildConfiguration;
			buildSettings = {
				ASSETCATALOG_COMPILER_APPICON_NAME = AppIcon;
				CODE_SIGN_IDENTITY = "Apple Development";
				CODE_SIGN_STYLE = Automatic;
				DEVELOPMENT_TEAM = "";
				FRAMEWORK_SEARCH_PATHS = (
					"$(inherited)",
					"$(PROJECT_DIR)/ocr_demo",
				);
				INFOPLIST_FILE = "$(SRCROOT)/ocr_demo/Info.plist";
				IPHONEOS_DEPLOYMENT_TARGET = 12.0;
				LD_RUNPATH_SEARCH_PATHS = (
					"$(inherited)",
					"@executable_path/Frameworks",
				);
				LIBRARY_SEARCH_PATHS = "$(PROJECT_DIR)/ocr_demo/lib/";
				OTHER_LDFLAGS = "$(PROJECT_DIR)/ocr_demo/lib/libpaddle_api_light_bundled.a";
				PRODUCT_BUNDLE_IDENTIFIER = "com.baidu.paddlelite-ocr-demo";
				PRODUCT_NAME = "paddle-lite-ocr";
				PROVISIONING_PROFILE_SPECIFIER = "";
				TARGETED_DEVICE_FAMILY = "1,2";
				USER_HEADER_SEARCH_PATHS = "\"$(SRCROOT)/ocr_demo/\"";
			};
			name = Debug;
		};
		E0A5356C219A832E005A6056 /* Release */ = {
			isa = XCBuildConfiguration;
			buildSettings = {
				ASSETCATALOG_COMPILER_APPICON_NAME = AppIcon;
				CODE_SIGN_IDENTITY = "Apple Development";
				CODE_SIGN_STYLE = Automatic;
				DEVELOPMENT_TEAM = "";
				FRAMEWORK_SEARCH_PATHS = (
					"$(inherited)",
					"$(PROJECT_DIR)/ocr_demo",
				);
				INFOPLIST_FILE = "$(SRCROOT)/ocr_demo/Info.plist";
				IPHONEOS_DEPLOYMENT_TARGET = 12.0;
				LD_RUNPATH_SEARCH_PATHS = (
					"$(inherited)",
					"@executable_path/Frameworks",
				);
				LIBRARY_SEARCH_PATHS = "$(PROJECT_DIR)/ocr_demo/lib/";
				OTHER_LDFLAGS = "$(PROJECT_DIR)/ocr_demo/lib/libpaddle_api_light_bundled.a";
				PRODUCT_BUNDLE_IDENTIFIER = "com.baidu.paddlelite-ocr-demo";
				PRODUCT_NAME = "paddle-lite-ocr";
				PROVISIONING_PROFILE_SPECIFIER = "";
				TARGETED_DEVICE_FAMILY = "1,2";
				USER_HEADER_SEARCH_PATHS = "\"$(SRCROOT)/ocr_demo/\"";
			};
			name = Release;
		};
/* End XCBuildConfiguration section */

/* Begin XCConfigurationList section */
		E0A5354F219A8329005A6056 /* Build configuration list for PBXProject "ocr_demo" */ = {
			isa = XCConfigurationList;
			buildConfigurations = (
				E0A53568219A832E005A6056 /* Debug */,
				E0A53569219A832E005A6056 /* Release */,
			);
			defaultConfigurationIsVisible = 0;
			defaultConfigurationName = Release;
		};
		E0A5356A219A832E005A6056 /* Build configuration list for PBXNativeTarget "ocr_demo" */ = {
			isa = XCConfigurationList;
			buildConfigurations = (
				E0A5356B219A832E005A6056 /* Debug */,
				E0A5356C219A832E005A6056 /* Release */,
			);
			defaultConfigurationIsVisible = 0;
			defaultConfigurationName = Release;
		};
/* End XCConfigurationList section */
	};
	rootObject = E0A5354C219A8329005A6056 /* Project object */;
}
