Microsoft Visual Studio Solution File, Format Version 12.00
# Visual Studio 14
Project("{8BC9CEB8-8B4A-11D0-8D11-00A0C91BC942}") = "ALL_BUILD", "ALL_BUILD.vcxproj", "{44DDD6C5-5E17-3328-90DE-7FFBFDA103F4}"
	ProjectSection(ProjectDependencies) = postProject
		{93F57B50-1C7D-3AE2-8479-69340C2B29FB} = {93F57B50-1C7D-3AE2-8479-69340C2B29FB}
		{7772C098-DF96-36B5-836E-C0C44B6987DD} = {7772C098-DF96-36B5-836E-C0C44B6987DD}
	EndProjectSection
EndProject
Project("{8BC9CEB8-8B4A-11D0-8D11-00A0C91BC942}") = "ZERO_CHECK", "ZERO_CHECK.vcxproj", "{93F57B50-1C7D-3AE2-8479-69340C2B29FB}"
	ProjectSection(ProjectDependencies) = postProject
	EndProjectSection
EndProject
Project("{8BC9CEB8-8B4A-11D0-8D11-00A0C91BC942}") = "ocr_system", "ocr_system.vcxproj", "{7772C098-DF96-36B5-836E-C0C44B6987DD}"
	ProjectSection(ProjectDependencies) = postProject
		{93F57B50-1C7D-3AE2-8479-69340C2B29FB} = {93F57B50-1C7D-3AE2-8479-69340C2B29FB}
	EndProjectSection
EndProject
Global
	GlobalSection(SolutionConfigurationPlatforms) = preSolution
		Debug|x64 = Debug|x64
		Release|x64 = Release|x64
		MinSizeRel|x64 = MinSizeRel|x64
		RelWithDebInfo|x64 = RelWithDebInfo|x64
	EndGlobalSection
	GlobalSection(ProjectConfigurationPlatforms) = postSolution
		{44DDD6C5-5E17-3328-90DE-7FFBFDA103F4}.Debug|x64.ActiveCfg = Debug|x64
		{44DDD6C5-5E17-3328-90DE-7FFBFDA103F4}.Release|x64.ActiveCfg = Release|x64
		{44DDD6C5-5E17-3328-90DE-7FFBFDA103F4}.MinSizeRel|x64.ActiveCfg = MinSizeRel|x64
		{44DDD6C5-5E17-3328-90DE-7FFBFDA103F4}.RelWithDebInfo|x64.ActiveCfg = RelWithDebInfo|x64
		{93F57B50-1C7D-3AE2-8479-69340C2B29FB}.Debug|x64.ActiveCfg = Debug|x64
		{93F57B50-1C7D-3AE2-8479-69340C2B29FB}.Debug|x64.Build.0 = Debug|x64
		{93F57B50-1C7D-3AE2-8479-69340C2B29FB}.Release|x64.ActiveCfg = Release|x64
		{93F57B50-1C7D-3AE2-8479-69340C2B29FB}.Release|x64.Build.0 = Release|x64
		{93F57B50-1C7D-3AE2-8479-69340C2B29FB}.MinSizeRel|x64.ActiveCfg = MinSizeRel|x64
		{93F57B50-1C7D-3AE2-8479-69340C2B29FB}.MinSizeRel|x64.Build.0 = MinSizeRel|x64
		{93F57B50-1C7D-3AE2-8479-69340C2B29FB}.RelWithDebInfo|x64.ActiveCfg = RelWithDebInfo|x64
		{93F57B50-1C7D-3AE2-8479-69340C2B29FB}.RelWithDebInfo|x64.Build.0 = RelWithDebInfo|x64
		{7772C098-DF96-36B5-836E-C0C44B6987DD}.Debug|x64.ActiveCfg = Debug|x64
		{7772C098-DF96-36B5-836E-C0C44B6987DD}.Debug|x64.Build.0 = Debug|x64
		{7772C098-DF96-36B5-836E-C0C44B6987DD}.Release|x64.ActiveCfg = Release|x64
		{7772C098-DF96-36B5-836E-C0C44B6987DD}.Release|x64.Build.0 = Release|x64
		{7772C098-DF96-36B5-836E-C0C44B6987DD}.MinSizeRel|x64.ActiveCfg = MinSizeRel|x64
		{7772C098-DF96-36B5-836E-C0C44B6987DD}.MinSizeRel|x64.Build.0 = MinSizeRel|x64
		{7772C098-DF96-36B5-836E-C0C44B6987DD}.RelWithDebInfo|x64.ActiveCfg = RelWithDebInfo|x64
		{7772C098-DF96-36B5-836E-C0C44B6987DD}.RelWithDebInfo|x64.Build.0 = RelWithDebInfo|x64
	EndGlobalSection
	GlobalSection(ExtensibilityGlobals) = postSolution
		SolutionGuid = {B5BE786A-EF61-32AC-A46B-697DCB6474BF}
	EndGlobalSection
	GlobalSection(ExtensibilityAddIns) = postSolution
	EndGlobalSection
EndGlobal
